
Microsoft Visual Studio Solution File, Format Version 12.00
# Visual Studio Version 16
VisualStudioVersion = 16.0.32602.291
MinimumVisualStudioVersion = 10.0.40219.1
Project("{FAE04EC0-301F-11D3-BF4B-00C04F79EFBC}") = "Server", "Server\Server.csproj", "{031DD80B-2CCB-4530-9315-0202E93747DD}"
EndProject
Global
	GlobalSection(SolutionConfigurationPlatforms) = preSolution
		Debug|Any CPU = Debug|Any CPU
		Release|Any CPU = Release|Any CPU
	EndGlobalSection
	GlobalSection(ProjectConfigurationPlatforms) = postSolution
		{031DD80B-2CCB-4530-9315-0202E93747DD}.Debug|Any CPU.ActiveCfg = Debug|Any CPU
		{031DD80B-2CCB-4530-9315-0202E93747DD}.Debug|Any CPU.Build.0 = Debug|Any CPU
		{031DD80B-2CCB-4530-9315-0202E93747DD}.Release|Any CPU.ActiveCfg = Release|Any CPU
		{031DD80B-2CCB-4530-9315-0202E93747DD}.Release|Any CPU.Build.0 = Release|Any CPU
	EndGlobalSection
	GlobalSection(SolutionProperties) = preSolution
		HideSolutionNode = FALSE
	EndGlobalSection
	GlobalSection(ExtensibilityGlobals) = postSolution
		SolutionGuid = {22F1EAF1-9926-45FE-8E44-FA2417351BCB}
	EndGlobalSection
EndGlobal
